
Microsoft Visual Studio Solution File, Format Version 12.00
# Visual Studio 15
VisualStudioVersion = 15.0.28307.168
MinimumVisualStudioVersion = 10.0.40219.1
Project("{FAE04EC0-301F-11D3-BF4B-00C04F79EFBC}") = "Traversal", "BreadthFirstTraversal\Traversal.csproj", "{6412CB0A-BB23-4B04-9F5D-1269B89959D0}"
EndProject
Project("{FAE04EC0-301F-11D3-BF4B-00C04F79EFBC}") = "TopologicalSort", "TopologicalSort\TopologicalSort.csproj", "{54C74FB7-5FAE-442E-8A86-27F34197BC87}"
EndProject
Project("{FAE04EC0-301F-11D3-BF4B-00C04F79EFBC}") = "DijkstraShortestPathAlgorithm", "DijkstraShortestPathAlgorithm\DijkstraShortestPathAlgorithm.csproj", "{0021849C-49CA-4E3E-A227-6BCEBF922004}"
EndProject
Project("{FAE04EC0-301F-11D3-BF4B-00C04F79EFBC}") = "BalancedTree", "BalancedTree\BalancedTree.csproj", "{FCA22628-F58E-4EE3-AED9-FF527F56E640}"
EndProject
Global
	GlobalSection(SolutionConfigurationPlatforms) = preSolution
		Debug|Any CPU = Debug|Any CPU
		Release|Any CPU = Release|Any CPU
	EndGlobalSection
	GlobalSection(ProjectConfigurationPlatforms) = postSolution
		{6412CB0A-BB23-4B04-9F5D-1269B89959D0}.Debug|Any CPU.ActiveCfg = Debug|Any CPU
		{6412CB0A-BB23-4B04-9F5D-1269B89959D0}.Debug|Any CPU.Build.0 = Debug|Any CPU
		{6412CB0A-BB23-4B04-9F5D-1269B89959D0}.Release|Any CPU.ActiveCfg = Release|Any CPU
		{6412CB0A-BB23-4B04-9F5D-1269B89959D0}.Release|Any CPU.Build.0 = Release|Any CPU
		{54C74FB7-5FAE-442E-8A86-27F34197BC87}.Debug|Any CPU.ActiveCfg = Debug|Any CPU
		{54C74FB7-5FAE-442E-8A86-27F34197BC87}.Debug|Any CPU.Build.0 = Debug|Any CPU
		{54C74FB7-5FAE-442E-8A86-27F34197BC87}.Release|Any CPU.ActiveCfg = Release|Any CPU
		{54C74FB7-5FAE-442E-8A86-27F34197BC87}.Release|Any CPU.Build.0 = Release|Any CPU
		{0021849C-49CA-4E3E-A227-6BCEBF922004}.Debug|Any CPU.ActiveCfg = Debug|Any CPU
		{0021849C-49CA-4E3E-A227-6BCEBF922004}.Debug|Any CPU.Build.0 = Debug|Any CPU
		{0021849C-49CA-4E3E-A227-6BCEBF922004}.Release|Any CPU.ActiveCfg = Release|Any CPU
		{0021849C-49CA-4E3E-A227-6BCEBF922004}.Release|Any CPU.Build.0 = Release|Any CPU
		{FCA22628-F58E-4EE3-AED9-FF527F56E640}.Debug|Any CPU.ActiveCfg = Debug|Any CPU
		{FCA22628-F58E-4EE3-AED9-FF527F56E640}.Debug|Any CPU.Build.0 = Debug|Any CPU
		{FCA22628-F58E-4EE3-AED9-FF527F56E640}.Release|Any CPU.ActiveCfg = Release|Any CPU
		{FCA22628-F58E-4EE3-AED9-FF527F56E640}.Release|Any CPU.Build.0 = Release|Any CPU
	EndGlobalSection
	GlobalSection(SolutionProperties) = preSolution
		HideSolutionNode = FALSE
	EndGlobalSection
	GlobalSection(ExtensibilityGlobals) = postSolution
		SolutionGuid = {8C4E8AEE-5529-47CF-BE4D-186F5348DEFE}
	EndGlobalSection
EndGlobal
